
Microsoft Visual Studio Solution File, Format Version 12.00
# Visual Studio Version 17
VisualStudioVersion = 17.10.34916.146
MinimumVisualStudioVersion = 10.0.40219.1
Project("{FAE04EC0-301F-11D3-BF4B-00C04F79EFBC}") = "JsonSerializationUygulama", "JsonSerializationUygulama\JsonSerializationUygulama.csproj", "{33DB8B0F-0D42-464A-97D4-3BC4BEF0B07A}"
EndProject
Global
	GlobalSection(SolutionConfigurationPlatforms) = preSolution
		Debug|Any CPU = Debug|Any CPU
		Release|Any CPU = Release|Any CPU
	EndGlobalSection
	GlobalSection(ProjectConfigurationPlatforms) = postSolution
		{33DB8B0F-0D42-464A-97D4-3BC4BEF0B07A}.Debug|Any CPU.ActiveCfg = Debug|Any CPU
		{33DB8B0F-0D42-464A-97D4-3BC4BEF0B07A}.Debug|Any CPU.Build.0 = Debug|Any CPU
		{33DB8B0F-0D42-464A-97D4-3BC4BEF0B07A}.Release|Any CPU.ActiveCfg = Release|Any CPU
		{33DB8B0F-0D42-464A-97D4-3BC4BEF0B07A}.Release|Any CPU.Build.0 = Release|Any CPU
	EndGlobalSection
	GlobalSection(SolutionProperties) = preSolution
		HideSolutionNode = FALSE
	EndGlobalSection
	GlobalSection(ExtensibilityGlobals) = postSolution
		SolutionGuid = {6CB16AF1-3E88-4BDC-82BB-E81E8C9FE2BE}
	EndGlobalSection
EndGlobal
